hash: 44af94302fe189b4bedad1bb041cab8ebdf6a5c1336aacb015ceccb4c1eb29bf
updated: 2018-02-07T21:45:20.045480358+01:00
imports:
- name: github.com/alecthomas/kingpin
  version: 947dcec5ba9c011838740e680966fd7087a71d0d
- name: github.com/capnproto/go-capnproto2
  version: 243bfedb776812540b7e2fb8d4e5c19814ab1ed8
testImports: []
